
Microsoft Visual Studio Solution File, Format Version 12.00
# Visual Studio 15
VisualStudioVersion = 15.0.26228.9
MinimumVisualStudioVersion = 10.0.40219.1
Project("{FAE04EC0-301F-11D3-BF4B-00C04F79EFBC}") = "Emme", "Emme\Emme.csproj", "{AA7BAB09-52A5-4AE0-B7E3-1CBD35DD1772}"
EndProject
Project("{FAE04EC0-301F-11D3-BF4B-00C04F79EFBC}") = "Emme.Test", "Emme.Test\Emme.Test.csproj", "{F7992E88-8266-4C7D-8D58-86240ABF8788}"
EndProject
Global
	GlobalSection(SolutionConfigurationPlatforms) = preSolution
		Debug|Any CPU = Debug|Any CPU
		Release|Any CPU = Release|Any CPU
	EndGlobalSection
	GlobalSection(ProjectConfigurationPlatforms) = postSolution
		{AA7BAB09-52A5-4AE0-B7E3-1CBD35DD1772}.Debug|Any CPU.ActiveCfg = Debug|Any CPU
		{AA7BAB09-52A5-4AE0-B7E3-1CBD35DD1772}.Debug|Any CPU.Build.0 = Debug|Any CPU
		{AA7BAB09-52A5-4AE0-B7E3-1CBD35DD1772}.Release|Any CPU.ActiveCfg = Release|Any CPU
		{AA7BAB09-52A5-4AE0-B7E3-1CBD35DD1772}.Release|Any CPU.Build.0 = Release|Any CPU
		{F7992E88-8266-4C7D-8D58-86240ABF8788}.Debug|Any CPU.ActiveCfg = Debug|Any CPU
		{F7992E88-8266-4C7D-8D58-86240ABF8788}.Debug|Any CPU.Build.0 = Debug|Any CPU
		{F7992E88-8266-4C7D-8D58-86240ABF8788}.Release|Any CPU.ActiveCfg = Release|Any CPU
		{F7992E88-8266-4C7D-8D58-86240ABF8788}.Release|Any CPU.Build.0 = Release|Any CPU
	EndGlobalSection
	GlobalSection(SolutionProperties) = preSolution
		HideSolutionNode = FALSE
	EndGlobalSection
EndGlobal
